
Microsoft Visual Studio Solution File, Format Version 12.00
# Visual Studio Version 17
VisualStudioVersion = 17.4.33205.214
MinimumVisualStudioVersion = 10.0.40219.1
Project("{9A19103F-16F7-4668-BE54-9A1E7A4F7556}") = "HelloWorld", "HelloWorld\HelloWorld.csproj", "{911E2FAF-9177-4236-B666-4F0D6DD92730}"
EndProject
Project("{9A19103F-16F7-4668-BE54-9A1E7A4F7556}") = "HelloWorld.NET5", "HelloWorld.NET5\HelloWorld.NET5.csproj", "{726D862A-BF08-43F0-8265-DB6601F83B14}"
EndProject
Project("{FAE04EC0-301F-11D3-BF4B-00C04F79EFBC}") = "ClassLibrary1", "ClassLibrary1\ClassLibrary1.csproj", "{B834CEBC-1C6C-49AC-8756-CFDBB8CA0465}"
EndProject
Project("{9A19103F-16F7-4668-BE54-9A1E7A4F7556}") = "TopLevelStmt", "TopLevelStmt\TopLevelStmt.csproj", "{434809D7-E3D8-4BD2-9159-7CBE2AF1D2D9}"
EndProject
Project("{9A19103F-16F7-4668-BE54-9A1E7A4F7556}") = "FileScopedExample", "FileScopedExample\FileScopedExample.csproj", "{5877A101-B899-43B6-A4AF-EF45AC605AAD}"
EndProject
Project("{9A19103F-16F7-4668-BE54-9A1E7A4F7556}") = "GlobalUsingsExample", "GlobalUsingsExample\GlobalUsingsExample.csproj", "{904A5398-34EC-4641-9943-3FE008D908EA}"
EndProject
Project("{9A19103F-16F7-4668-BE54-9A1E7A4F7556}") = "ModuleInitializerExample", "ModuleInitializerExample\ModuleInitializerExample.csproj", "{0496E75E-C367-46EC-97A5-930104D841EF}"
EndProject
Project("{9A19103F-16F7-4668-BE54-9A1E7A4F7556}") = "NullableRefTypes", "NullableRefTypes\NullableRefTypes.csproj", "{D7F33657-3D75-4BF2-984B-0F8624C0B72E}"
EndProject
Project("{9A19103F-16F7-4668-BE54-9A1E7A4F7556}") = "PatternMatchingExample", "PatternMatchingExample\PatternMatchingExample.csproj", "{CA6A14C6-64C1-4A0D-B8CE-E55F97353AF0}"
EndProject
Project("{9A19103F-16F7-4668-BE54-9A1E7A4F7556}") = "ImmutabilityExample", "ImmutabilityExample\ImmutabilityExample.csproj", "{EFCC98E6-033E-4CEC-B05A-8EC1BF73E757}"
EndProject
Project("{9A19103F-16F7-4668-BE54-9A1E7A4F7556}") = "RecordExample", "RecordExample\RecordExample.csproj", "{6BA01C61-6ABD-4898-99C3-0BCE6ACF9DE4}"
EndProject
Project("{9A19103F-16F7-4668-BE54-9A1E7A4F7556}") = "RecordStructsExample", "RecordStructsExample\RecordStructsExample.csproj", "{CD780D92-84EC-4781-94E0-6B0279A4B7C9}"
EndProject
Project("{FAE04EC0-301F-11D3-BF4B-00C04F79EFBC}") = "App1", "App1\App1.csproj", "{DA59B3FD-9F71-4A2B-9ACC-A0CD42F6D7FE}"
EndProject
Project("{FAE04EC0-301F-11D3-BF4B-00C04F79EFBC}") = "App2", "App2\App2.csproj", "{0E00465E-C650-46C1-916A-F4053ACE931C}"
EndProject
Project("{FAE04EC0-301F-11D3-BF4B-00C04F79EFBC}") = "PartialMethodsExample", "PartialMethodsExample\PartialMethodsExample.csproj", "{CA732507-A90E-43B4-819C-CAE9C61AFCE3}"
EndProject
Project("{FAE04EC0-301F-11D3-BF4B-00C04F79EFBC}") = "StaticAnonymousFunctions", "StaticAnonymousFunctions\StaticAnonymousFunctions.csproj", "{2E9EEB7B-59F3-4232-B067-BD43A6AFCF6B}"
EndProject
Project("{FAE04EC0-301F-11D3-BF4B-00C04F79EFBC}") = "LambdaExprExample", "LambdaExprExample\LambdaExprExample.csproj", "{B86C2E49-5724-410D-8A8E-2FEF23E50D0C}"
EndProject
Project("{FAE04EC0-301F-11D3-BF4B-00C04F79EFBC}") = "ConstantInterpolatedStrings", "ConstantInterpolatedStrings\ConstantInterpolatedStrings.csproj", "{DC743571-14B3-4442-9729-F97EABB8CF3A}"
EndProject
Global
	GlobalSection(SolutionConfigurationPlatforms) = preSolution
		Debug|Any CPU = Debug|Any CPU
		Release|Any CPU = Release|Any CPU
	EndGlobalSection
	GlobalSection(ProjectConfigurationPlatforms) = postSolution
		{911E2FAF-9177-4236-B666-4F0D6DD92730}.Debug|Any CPU.ActiveCfg = Debug|Any CPU
		{911E2FAF-9177-4236-B666-4F0D6DD92730}.Debug|Any CPU.Build.0 = Debug|Any CPU
		{911E2FAF-9177-4236-B666-4F0D6DD92730}.Release|Any CPU.ActiveCfg = Release|Any CPU
		{911E2FAF-9177-4236-B666-4F0D6DD92730}.Release|Any CPU.Build.0 = Release|Any CPU
		{726D862A-BF08-43F0-8265-DB6601F83B14}.Debug|Any CPU.ActiveCfg = Debug|Any CPU
		{726D862A-BF08-43F0-8265-DB6601F83B14}.Debug|Any CPU.Build.0 = Debug|Any CPU
		{726D862A-BF08-43F0-8265-DB6601F83B14}.Release|Any CPU.ActiveCfg = Release|Any CPU
		{726D862A-BF08-43F0-8265-DB6601F83B14}.Release|Any CPU.Build.0 = Release|Any CPU
		{B834CEBC-1C6C-49AC-8756-CFDBB8CA0465}.Debug|Any CPU.ActiveCfg = Debug|Any CPU
		{B834CEBC-1C6C-49AC-8756-CFDBB8CA0465}.Debug|Any CPU.Build.0 = Debug|Any CPU
		{B834CEBC-1C6C-49AC-8756-CFDBB8CA0465}.Release|Any CPU.ActiveCfg = Release|Any CPU
		{B834CEBC-1C6C-49AC-8756-CFDBB8CA0465}.Release|Any CPU.Build.0 = Release|Any CPU
		{434809D7-E3D8-4BD2-9159-7CBE2AF1D2D9}.Debug|Any CPU.ActiveCfg = Debug|Any CPU
		{434809D7-E3D8-4BD2-9159-7CBE2AF1D2D9}.Debug|Any CPU.Build.0 = Debug|Any CPU
		{434809D7-E3D8-4BD2-9159-7CBE2AF1D2D9}.Release|Any CPU.ActiveCfg = Release|Any CPU
		{434809D7-E3D8-4BD2-9159-7CBE2AF1D2D9}.Release|Any CPU.Build.0 = Release|Any CPU
		{5877A101-B899-43B6-A4AF-EF45AC605AAD}.Debug|Any CPU.ActiveCfg = Debug|Any CPU
		{5877A101-B899-43B6-A4AF-EF45AC605AAD}.Debug|Any CPU.Build.0 = Debug|Any CPU
		{5877A101-B899-43B6-A4AF-EF45AC605AAD}.Release|Any CPU.ActiveCfg = Release|Any CPU
		{5877A101-B899-43B6-A4AF-EF45AC605AAD}.Release|Any CPU.Build.0 = Release|Any CPU
		{904A5398-34EC-4641-9943-3FE008D908EA}.Debug|Any CPU.ActiveCfg = Debug|Any CPU
		{904A5398-34EC-4641-9943-3FE008D908EA}.Debug|Any CPU.Build.0 = Debug|Any CPU
		{904A5398-34EC-4641-9943-3FE008D908EA}.Release|Any CPU.ActiveCfg = Release|Any CPU
		{904A5398-34EC-4641-9943-3FE008D908EA}.Release|Any CPU.Build.0 = Release|Any CPU
		{0496E75E-C367-46EC-97A5-930104D841EF}.Debug|Any CPU.ActiveCfg = Debug|Any CPU
		{0496E75E-C367-46EC-97A5-930104D841EF}.Debug|Any CPU.Build.0 = Debug|Any CPU
		{0496E75E-C367-46EC-97A5-930104D841EF}.Release|Any CPU.ActiveCfg = Release|Any CPU
		{0496E75E-C367-46EC-97A5-930104D841EF}.Release|Any CPU.Build.0 = Release|Any CPU
		{D7F33657-3D75-4BF2-984B-0F8624C0B72E}.Debug|Any CPU.ActiveCfg = Debug|Any CPU
		{D7F33657-3D75-4BF2-984B-0F8624C0B72E}.Debug|Any CPU.Build.0 = Debug|Any CPU
		{D7F33657-3D75-4BF2-984B-0F8624C0B72E}.Release|Any CPU.ActiveCfg = Release|Any CPU
		{D7F33657-3D75-4BF2-984B-0F8624C0B72E}.Release|Any CPU.Build.0 = Release|Any CPU
		{CA6A14C6-64C1-4A0D-B8CE-E55F97353AF0}.Debug|Any CPU.ActiveCfg = Debug|Any CPU
		{CA6A14C6-64C1-4A0D-B8CE-E55F97353AF0}.Debug|Any CPU.Build.0 = Debug|Any CPU
		{CA6A14C6-64C1-4A0D-B8CE-E55F97353AF0}.Release|Any CPU.ActiveCfg = Release|Any CPU
		{CA6A14C6-64C1-4A0D-B8CE-E55F97353AF0}.Release|Any CPU.Build.0 = Release|Any CPU
		{EFCC98E6-033E-4CEC-B05A-8EC1BF73E757}.Debug|Any CPU.ActiveCfg = Debug|Any CPU
		{EFCC98E6-033E-4CEC-B05A-8EC1BF73E757}.Debug|Any CPU.Build.0 = Debug|Any CPU
		{EFCC98E6-033E-4CEC-B05A-8EC1BF73E757}.Release|Any CPU.ActiveCfg = Release|Any CPU
		{EFCC98E6-033E-4CEC-B05A-8EC1BF73E757}.Release|Any CPU.Build.0 = Release|Any CPU
		{6BA01C61-6ABD-4898-99C3-0BCE6ACF9DE4}.Debug|Any CPU.ActiveCfg = Debug|Any CPU
		{6BA01C61-6ABD-4898-99C3-0BCE6ACF9DE4}.Debug|Any CPU.Build.0 = Debug|Any CPU
		{6BA01C61-6ABD-4898-99C3-0BCE6ACF9DE4}.Release|Any CPU.ActiveCfg = Release|Any CPU
		{6BA01C61-6ABD-4898-99C3-0BCE6ACF9DE4}.Release|Any CPU.Build.0 = Release|Any CPU
		{CD780D92-84EC-4781-94E0-6B0279A4B7C9}.Debug|Any CPU.ActiveCfg = Debug|Any CPU
		{CD780D92-84EC-4781-94E0-6B0279A4B7C9}.Debug|Any CPU.Build.0 = Debug|Any CPU
		{CD780D92-84EC-4781-94E0-6B0279A4B7C9}.Release|Any CPU.ActiveCfg = Release|Any CPU
		{CD780D92-84EC-4781-94E0-6B0279A4B7C9}.Release|Any CPU.Build.0 = Release|Any CPU
		{DA59B3FD-9F71-4A2B-9ACC-A0CD42F6D7FE}.Debug|Any CPU.ActiveCfg = Debug|Any CPU
		{DA59B3FD-9F71-4A2B-9ACC-A0CD42F6D7FE}.Debug|Any CPU.Build.0 = Debug|Any CPU
		{DA59B3FD-9F71-4A2B-9ACC-A0CD42F6D7FE}.Release|Any CPU.ActiveCfg = Release|Any CPU
		{DA59B3FD-9F71-4A2B-9ACC-A0CD42F6D7FE}.Release|Any CPU.Build.0 = Release|Any CPU
		{0E00465E-C650-46C1-916A-F4053ACE931C}.Debug|Any CPU.ActiveCfg = Debug|Any CPU
		{0E00465E-C650-46C1-916A-F4053ACE931C}.Debug|Any CPU.Build.0 = Debug|Any CPU
		{0E00465E-C650-46C1-916A-F4053ACE931C}.Release|Any CPU.ActiveCfg = Release|Any CPU
		{0E00465E-C650-46C1-916A-F4053ACE931C}.Release|Any CPU.Build.0 = Release|Any CPU
		{CA732507-A90E-43B4-819C-CAE9C61AFCE3}.Debug|Any CPU.ActiveCfg = Debug|Any CPU
		{CA732507-A90E-43B4-819C-CAE9C61AFCE3}.Debug|Any CPU.Build.0 = Debug|Any CPU
		{CA732507-A90E-43B4-819C-CAE9C61AFCE3}.Release|Any CPU.ActiveCfg = Release|Any CPU
		{CA732507-A90E-43B4-819C-CAE9C61AFCE3}.Release|Any CPU.Build.0 = Release|Any CPU
		{2E9EEB7B-59F3-4232-B067-BD43A6AFCF6B}.Debug|Any CPU.ActiveCfg = Debug|Any CPU
		{2E9EEB7B-59F3-4232-B067-BD43A6AFCF6B}.Debug|Any CPU.Build.0 = Debug|Any CPU
		{2E9EEB7B-59F3-4232-B067-BD43A6AFCF6B}.Release|Any CPU.ActiveCfg = Release|Any CPU
		{2E9EEB7B-59F3-4232-B067-BD43A6AFCF6B}.Release|Any CPU.Build.0 = Release|Any CPU
		{B86C2E49-5724-410D-8A8E-2FEF23E50D0C}.Debug|Any CPU.ActiveCfg = Debug|Any CPU
		{B86C2E49-5724-410D-8A8E-2FEF23E50D0C}.Debug|Any CPU.Build.0 = Debug|Any CPU
		{B86C2E49-5724-410D-8A8E-2FEF23E50D0C}.Release|Any CPU.ActiveCfg = Release|Any CPU
		{B86C2E49-5724-410D-8A8E-2FEF23E50D0C}.Release|Any CPU.Build.0 = Release|Any CPU
		{DC743571-14B3-4442-9729-F97EABB8CF3A}.Debug|Any CPU.ActiveCfg = Debug|Any CPU
		{DC743571-14B3-4442-9729-F97EABB8CF3A}.Debug|Any CPU.Build.0 = Debug|Any CPU
		{DC743571-14B3-4442-9729-F97EABB8CF3A}.Release|Any CPU.ActiveCfg = Release|Any CPU
		{DC743571-14B3-4442-9729-F97EABB8CF3A}.Release|Any CPU.Build.0 = Release|Any CPU
	EndGlobalSection
	GlobalSection(SolutionProperties) = preSolution
		HideSolutionNode = FALSE
	EndGlobalSection
	GlobalSection(ExtensibilityGlobals) = postSolution
		SolutionGuid = {AA34ADD9-257F-4F53-BC89-8EBDC813FD21}
	EndGlobalSection
EndGlobal
