
Microsoft Visual Studio Solution File, Format Version 12.00
# Visual Studio Version 17
VisualStudioVersion = 17.4.33205.214
MinimumVisualStudioVersion = 10.0.40219.1
Project("{9A19103F-16F7-4668-BE54-9A1E7A4F7556}") = "HelloWorld", "HelloWorld\HelloWorld.csproj", "{911E2FAF-9177-4236-B666-4F0D6DD92730}"
EndProject
Project("{9A19103F-16F7-4668-BE54-9A1E7A4F7556}") = "HelloWorld.NET5", "HelloWorld.NET5\HelloWorld.NET5.csproj", "{726D862A-BF08-43F0-8265-DB6601F83B14}"
EndProject
Project("{FAE04EC0-301F-11D3-BF4B-00C04F79EFBC}") = "ClassLibrary1", "ClassLibrary1\ClassLibrary1.csproj", "{B834CEBC-1C6C-49AC-8756-CFDBB8CA0465}"
EndProject
Project("{FAE04EC0-301F-11D3-BF4B-00C04F79EFBC}") = "BinaryExample", "BinaryExample\BinaryExample.csproj", "{824DB76E-78F3-46F3-80E8-ED5D71A625A2}"
EndProject
Project("{FAE04EC0-301F-11D3-BF4B-00C04F79EFBC}") = "OctalExample", "OctalExample\OctalExample.csproj", "{B5171B05-E8F6-43B7-A4A8-DC631DFD1C12}"
EndProject
Project("{FAE04EC0-301F-11D3-BF4B-00C04F79EFBC}") = "HexdecimalExample", "HexdecimalExample\HexdecimalExample.csproj", "{FC854568-470A-4810-BE3F-214C8A1E0E02}"
EndProject
Project("{FAE04EC0-301F-11D3-BF4B-00C04F79EFBC}") = "AsciiExample", "AsciiExample\AsciiExample.csproj", "{0EA5A6FE-0C4E-4050-8AD6-E222543101C8}"
EndProject
Project("{FAE04EC0-301F-11D3-BF4B-00C04F79EFBC}") = "UnicodeExample", "UnicodeExample\UnicodeExample.csproj", "{3854009D-D1CA-4EAC-AC90-AC9822A72852}"
EndProject
Project("{FAE04EC0-301F-11D3-BF4B-00C04F79EFBC}") = "FileExample", "FileExample\FileExample.csproj", "{717C221A-1970-4424-93BE-E3D88A1C50E1}"
EndProject
Project("{FAE04EC0-301F-11D3-BF4B-00C04F79EFBC}") = "FileReadWriteExample", "FileReadWriteExample\FileReadWriteExample.csproj", "{4C37C188-EBD7-4711-BEB1-788991978401}"
EndProject
Project("{FAE04EC0-301F-11D3-BF4B-00C04F79EFBC}") = "FileLinesExample", "FileLinesExample\FileLinesExample.csproj", "{38AF1CF2-55F0-46B7-9779-E7CC1CFB565B}"
EndProject
Project("{FAE04EC0-301F-11D3-BF4B-00C04F79EFBC}") = "FileInfoExample", "FileInfoExample\FileInfoExample.csproj", "{D9C7601D-2BD9-42E1-8EB2-C2B90CEE5F59}"
EndProject
Global
	GlobalSection(SolutionConfigurationPlatforms) = preSolution
		Debug|Any CPU = Debug|Any CPU
		Release|Any CPU = Release|Any CPU
	EndGlobalSection
	GlobalSection(ProjectConfigurationPlatforms) = postSolution
		{911E2FAF-9177-4236-B666-4F0D6DD92730}.Debug|Any CPU.ActiveCfg = Debug|Any CPU
		{911E2FAF-9177-4236-B666-4F0D6DD92730}.Debug|Any CPU.Build.0 = Debug|Any CPU
		{911E2FAF-9177-4236-B666-4F0D6DD92730}.Release|Any CPU.ActiveCfg = Release|Any CPU
		{911E2FAF-9177-4236-B666-4F0D6DD92730}.Release|Any CPU.Build.0 = Release|Any CPU
		{726D862A-BF08-43F0-8265-DB6601F83B14}.Debug|Any CPU.ActiveCfg = Debug|Any CPU
		{726D862A-BF08-43F0-8265-DB6601F83B14}.Debug|Any CPU.Build.0 = Debug|Any CPU
		{726D862A-BF08-43F0-8265-DB6601F83B14}.Release|Any CPU.ActiveCfg = Release|Any CPU
		{726D862A-BF08-43F0-8265-DB6601F83B14}.Release|Any CPU.Build.0 = Release|Any CPU
		{B834CEBC-1C6C-49AC-8756-CFDBB8CA0465}.Debug|Any CPU.ActiveCfg = Debug|Any CPU
		{B834CEBC-1C6C-49AC-8756-CFDBB8CA0465}.Debug|Any CPU.Build.0 = Debug|Any CPU
		{B834CEBC-1C6C-49AC-8756-CFDBB8CA0465}.Release|Any CPU.ActiveCfg = Release|Any CPU
		{B834CEBC-1C6C-49AC-8756-CFDBB8CA0465}.Release|Any CPU.Build.0 = Release|Any CPU
		{824DB76E-78F3-46F3-80E8-ED5D71A625A2}.Debug|Any CPU.ActiveCfg = Debug|Any CPU
		{824DB76E-78F3-46F3-80E8-ED5D71A625A2}.Debug|Any CPU.Build.0 = Debug|Any CPU
		{824DB76E-78F3-46F3-80E8-ED5D71A625A2}.Release|Any CPU.ActiveCfg = Release|Any CPU
		{824DB76E-78F3-46F3-80E8-ED5D71A625A2}.Release|Any CPU.Build.0 = Release|Any CPU
		{B5171B05-E8F6-43B7-A4A8-DC631DFD1C12}.Debug|Any CPU.ActiveCfg = Debug|Any CPU
		{B5171B05-E8F6-43B7-A4A8-DC631DFD1C12}.Debug|Any CPU.Build.0 = Debug|Any CPU
		{B5171B05-E8F6-43B7-A4A8-DC631DFD1C12}.Release|Any CPU.ActiveCfg = Release|Any CPU
		{B5171B05-E8F6-43B7-A4A8-DC631DFD1C12}.Release|Any CPU.Build.0 = Release|Any CPU
		{FC854568-470A-4810-BE3F-214C8A1E0E02}.Debug|Any CPU.ActiveCfg = Debug|Any CPU
		{FC854568-470A-4810-BE3F-214C8A1E0E02}.Debug|Any CPU.Build.0 = Debug|Any CPU
		{FC854568-470A-4810-BE3F-214C8A1E0E02}.Release|Any CPU.ActiveCfg = Release|Any CPU
		{FC854568-470A-4810-BE3F-214C8A1E0E02}.Release|Any CPU.Build.0 = Release|Any CPU
		{0EA5A6FE-0C4E-4050-8AD6-E222543101C8}.Debug|Any CPU.ActiveCfg = Debug|Any CPU
		{0EA5A6FE-0C4E-4050-8AD6-E222543101C8}.Debug|Any CPU.Build.0 = Debug|Any CPU
		{0EA5A6FE-0C4E-4050-8AD6-E222543101C8}.Release|Any CPU.ActiveCfg = Release|Any CPU
		{0EA5A6FE-0C4E-4050-8AD6-E222543101C8}.Release|Any CPU.Build.0 = Release|Any CPU
		{3854009D-D1CA-4EAC-AC90-AC9822A72852}.Debug|Any CPU.ActiveCfg = Debug|Any CPU
		{3854009D-D1CA-4EAC-AC90-AC9822A72852}.Debug|Any CPU.Build.0 = Debug|Any CPU
		{3854009D-D1CA-4EAC-AC90-AC9822A72852}.Release|Any CPU.ActiveCfg = Release|Any CPU
		{3854009D-D1CA-4EAC-AC90-AC9822A72852}.Release|Any CPU.Build.0 = Release|Any CPU
		{717C221A-1970-4424-93BE-E3D88A1C50E1}.Debug|Any CPU.ActiveCfg = Debug|Any CPU
		{717C221A-1970-4424-93BE-E3D88A1C50E1}.Debug|Any CPU.Build.0 = Debug|Any CPU
		{717C221A-1970-4424-93BE-E3D88A1C50E1}.Release|Any CPU.ActiveCfg = Release|Any CPU
		{717C221A-1970-4424-93BE-E3D88A1C50E1}.Release|Any CPU.Build.0 = Release|Any CPU
		{4C37C188-EBD7-4711-BEB1-788991978401}.Debug|Any CPU.ActiveCfg = Debug|Any CPU
		{4C37C188-EBD7-4711-BEB1-788991978401}.Debug|Any CPU.Build.0 = Debug|Any CPU
		{4C37C188-EBD7-4711-BEB1-788991978401}.Release|Any CPU.ActiveCfg = Release|Any CPU
		{4C37C188-EBD7-4711-BEB1-788991978401}.Release|Any CPU.Build.0 = Release|Any CPU
		{38AF1CF2-55F0-46B7-9779-E7CC1CFB565B}.Debug|Any CPU.ActiveCfg = Debug|Any CPU
		{38AF1CF2-55F0-46B7-9779-E7CC1CFB565B}.Debug|Any CPU.Build.0 = Debug|Any CPU
		{38AF1CF2-55F0-46B7-9779-E7CC1CFB565B}.Release|Any CPU.ActiveCfg = Release|Any CPU
		{38AF1CF2-55F0-46B7-9779-E7CC1CFB565B}.Release|Any CPU.Build.0 = Release|Any CPU
		{D9C7601D-2BD9-42E1-8EB2-C2B90CEE5F59}.Debug|Any CPU.ActiveCfg = Debug|Any CPU
		{D9C7601D-2BD9-42E1-8EB2-C2B90CEE5F59}.Debug|Any CPU.Build.0 = Debug|Any CPU
		{D9C7601D-2BD9-42E1-8EB2-C2B90CEE5F59}.Release|Any CPU.ActiveCfg = Release|Any CPU
		{D9C7601D-2BD9-42E1-8EB2-C2B90CEE5F59}.Release|Any CPU.Build.0 = Release|Any CPU
	EndGlobalSection
	GlobalSection(SolutionProperties) = preSolution
		HideSolutionNode = FALSE
	EndGlobalSection
	GlobalSection(ExtensibilityGlobals) = postSolution
		SolutionGuid = {AA34ADD9-257F-4F53-BC89-8EBDC813FD21}
	EndGlobalSection
EndGlobal
